
Microsoft Visual Studio Solution File, Format Version 12.00
# Visual Studio Version 17
VisualStudioVersion = 17.14.36623.8 d17.14
MinimumVisualStudioVersion = 10.0.40219.1
Project("{FAE04EC0-301F-11D3-BF4B-00C04F79EFBC}") = "CSharp", "CSharp\CSharp.csproj", "{CEA28F8C-9C4E-4B5B-A375-CB66BD650F0D}"
EndProject
Global
	GlobalSection(SolutionConfigurationPlatforms) = preSolution
		Debug|Any CPU = Debug|Any CPU
		Release|Any CPU = Release|Any CPU
	EndGlobalSection
	GlobalSection(ProjectConfigurationPlatforms) = postSolution
		{CEA28F8C-9C4E-4B5B-A375-CB66BD650F0D}.Debug|Any CPU.ActiveCfg = Debug|Any CPU
		{CEA28F8C-9C4E-4B5B-A375-CB66BD650F0D}.Debug|Any CPU.Build.0 = Debug|Any CPU
		{CEA28F8C-9C4E-4B5B-A375-CB66BD650F0D}.Release|Any CPU.ActiveCfg = Release|Any CPU
		{CEA28F8C-9C4E-4B5B-A375-CB66BD650F0D}.Release|Any CPU.Build.0 = Release|Any CPU
	EndGlobalSection
	GlobalSection(SolutionProperties) = preSolution
		HideSolutionNode = FALSE
	EndGlobalSection
	GlobalSection(ExtensibilityGlobals) = postSolution
		SolutionGuid = {AACE12EF-3B58-4E65-8903-DB5959EDFF39}
	EndGlobalSection
EndGlobal
