
Microsoft Visual Studio Solution File, Format Version 12.00
# Visual Studio Version 17
VisualStudioVersion = 17.14.36623.8 d17.14
MinimumVisualStudioVersion = 10.0.40219.1
Project("{FAE04EC0-301F-11D3-BF4B-00C04F79EFBC}") = "1207-Unique-Number-Of-Occurences", "1207-Unique-Number-Of-Occurences\1207-Unique-Number-Of-Occurences.csproj", "{82849160-96C6-4B91-A46C-9AC91115DE0C}"
EndProject
Global
	GlobalSection(SolutionConfigurationPlatforms) = preSolution
		Debug|Any CPU = Debug|Any CPU
		Release|Any CPU = Release|Any CPU
	EndGlobalSection
	GlobalSection(ProjectConfigurationPlatforms) = postSolution
		{82849160-96C6-4B91-A46C-9AC91115DE0C}.Debug|Any CPU.ActiveCfg = Debug|Any CPU
		{82849160-96C6-4B91-A46C-9AC91115DE0C}.Debug|Any CPU.Build.0 = Debug|Any CPU
		{82849160-96C6-4B91-A46C-9AC91115DE0C}.Release|Any CPU.ActiveCfg = Release|Any CPU
		{82849160-96C6-4B91-A46C-9AC91115DE0C}.Release|Any CPU.Build.0 = Release|Any CPU
	EndGlobalSection
	GlobalSection(SolutionProperties) = preSolution
		HideSolutionNode = FALSE
	EndGlobalSection
	GlobalSection(ExtensibilityGlobals) = postSolution
		SolutionGuid = {5C5635C6-E6F9-4B28-8532-ED7010C30956}
	EndGlobalSection
EndGlobal
